
Microsoft Visual Studio Solution File, Format Version 12.00
# Visual Studio Version 17
VisualStudioVersion = 17.3.32825.248
MinimumVisualStudioVersion = 10.0.40219.1
Project("{FAE04EC0-301F-11D3-BF4B-00C04F79EFBC}") = "PasswordChecker", "PasswordChecker.csproj", "{D3AD6677-72D0-486D-B729-504982CFC66E}"
EndProject
Global
	GlobalSection(SolutionConfigurationPlatforms) = preSolution
		Debug|Any CPU = Debug|Any CPU
		Release|Any CPU = Release|Any CPU
	EndGlobalSection
	GlobalSection(ProjectConfigurationPlatforms) = postSolution
		{D3AD6677-72D0-486D-B729-504982CFC66E}.Debug|Any CPU.ActiveCfg = Debug|Any CPU
		{D3AD6677-72D0-486D-B729-504982CFC66E}.Debug|Any CPU.Build.0 = Debug|Any CPU
		{D3AD6677-72D0-486D-B729-504982CFC66E}.Release|Any CPU.ActiveCfg = Release|Any CPU
		{D3AD6677-72D0-486D-B729-504982CFC66E}.Release|Any CPU.Build.0 = Release|Any CPU
	EndGlobalSection
	GlobalSection(SolutionProperties) = preSolution
		HideSolutionNode = FALSE
	EndGlobalSection
	GlobalSection(ExtensibilityGlobals) = postSolution
		SolutionGuid = {C19CA25F-3A55-45C0-812A-5537EC6938BE}
	EndGlobalSection
EndGlobal
