
Microsoft Visual Studio Solution File, Format Version 12.00
# Visual Studio Version 17
VisualStudioVersion = 17.2.32630.192
MinimumVisualStudioVersion = 10.0.40219.1
Project("{FAE04EC0-301F-11D3-BF4B-00C04F79EFBC}") = "PasswordCheck", "PasswordCheck.csproj", "{459EA0DF-913E-47A0-871B-AB9CAE8D4105}"
EndProject
Global
	GlobalSection(SolutionConfigurationPlatforms) = preSolution
		Debug|Any CPU = Debug|Any CPU
		Release|Any CPU = Release|Any CPU
	EndGlobalSection
	GlobalSection(ProjectConfigurationPlatforms) = postSolution
		{459EA0DF-913E-47A0-871B-AB9CAE8D4105}.Debug|Any CPU.ActiveCfg = Debug|Any CPU
		{459EA0DF-913E-47A0-871B-AB9CAE8D4105}.Debug|Any CPU.Build.0 = Debug|Any CPU
		{459EA0DF-913E-47A0-871B-AB9CAE8D4105}.Release|Any CPU.ActiveCfg = Release|Any CPU
		{459EA0DF-913E-47A0-871B-AB9CAE8D4105}.Release|Any CPU.Build.0 = Release|Any CPU
	EndGlobalSection
	GlobalSection(SolutionProperties) = preSolution
		HideSolutionNode = FALSE
	EndGlobalSection
	GlobalSection(ExtensibilityGlobals) = postSolution
		SolutionGuid = {914DFC89-49E5-4F21-A5B9-63BE2EB6F0BB}
	EndGlobalSection
EndGlobal
