
Microsoft Visual Studio Solution File, Format Version 12.00
# Visual Studio Version 17
VisualStudioVersion = 17.3.32819.101
MinimumVisualStudioVersion = 10.0.40219.1
Project("{FAE04EC0-301F-11D3-BF4B-00C04F79EFBC}") = "MadLibs", "MadLibs.csproj", "{EA694A96-286C-4AE3-BD5D-98F5BEAF38C2}"
EndProject
Global
	GlobalSection(SolutionConfigurationPlatforms) = preSolution
		Debug|Any CPU = Debug|Any CPU
		Release|Any CPU = Release|Any CPU
	EndGlobalSection
	GlobalSection(ProjectConfigurationPlatforms) = postSolution
		{EA694A96-286C-4AE3-BD5D-98F5BEAF38C2}.Debug|Any CPU.ActiveCfg = Debug|Any CPU
		{EA694A96-286C-4AE3-BD5D-98F5BEAF38C2}.Debug|Any CPU.Build.0 = Debug|Any CPU
		{EA694A96-286C-4AE3-BD5D-98F5BEAF38C2}.Release|Any CPU.ActiveCfg = Release|Any CPU
		{EA694A96-286C-4AE3-BD5D-98F5BEAF38C2}.Release|Any CPU.Build.0 = Release|Any CPU
	EndGlobalSection
	GlobalSection(SolutionProperties) = preSolution
		HideSolutionNode = FALSE
	EndGlobalSection
	GlobalSection(ExtensibilityGlobals) = postSolution
		SolutionGuid = {A1BE19ED-94DA-4C9A-8A70-3F2FBE536736}
	EndGlobalSection
EndGlobal
