
Microsoft Visual Studio Solution File, Format Version 12.00
# Visual Studio Version 16
VisualStudioVersion = 16.0.31911.196
MinimumVisualStudioVersion = 10.0.40219.1
Project("{FAE04EC0-301F-11D3-BF4B-00C04F79EFBC}") = "Birthday", "Birthday.csproj", "{19AC1E6D-2244-4085-9E4E-9681BEBEC299}"
EndProject
Global
	GlobalSection(SolutionConfigurationPlatforms) = preSolution
		Debug|Any CPU = Debug|Any CPU
		Release|Any CPU = Release|Any CPU
	EndGlobalSection
	GlobalSection(ProjectConfigurationPlatforms) = postSolution
		{19AC1E6D-2244-4085-9E4E-9681BEBEC299}.Debug|Any CPU.ActiveCfg = Debug|Any CPU
		{19AC1E6D-2244-4085-9E4E-9681BEBEC299}.Debug|Any CPU.Build.0 = Debug|Any CPU
		{19AC1E6D-2244-4085-9E4E-9681BEBEC299}.Release|Any CPU.ActiveCfg = Release|Any CPU
		{19AC1E6D-2244-4085-9E4E-9681BEBEC299}.Release|Any CPU.Build.0 = Release|Any CPU
	EndGlobalSection
	GlobalSection(SolutionProperties) = preSolution
		HideSolutionNode = FALSE
	EndGlobalSection
	GlobalSection(ExtensibilityGlobals) = postSolution
		SolutionGuid = {3C847971-0AF4-4251-AD14-7DF485274B56}
	EndGlobalSection
EndGlobal
