
Microsoft Visual Studio Solution File, Format Version 12.00
# Visual Studio Version 17
VisualStudioVersion = 17.2.32630.192
MinimumVisualStudioVersion = 10.0.40219.1
Project("{FAE04EC0-301F-11D3-BF4B-00C04F79EFBC}") = "DocumentationHunt", "DocumentationHunt.csproj", "{F584113C-A3A5-4542-9E37-405EF91CA284}"
EndProject
Global
	GlobalSection(SolutionConfigurationPlatforms) = preSolution
		Debug|Any CPU = Debug|Any CPU
		Release|Any CPU = Release|Any CPU
	EndGlobalSection
	GlobalSection(ProjectConfigurationPlatforms) = postSolution
		{F584113C-A3A5-4542-9E37-405EF91CA284}.Debug|Any CPU.ActiveCfg = Debug|Any CPU
		{F584113C-A3A5-4542-9E37-405EF91CA284}.Debug|Any CPU.Build.0 = Debug|Any CPU
		{F584113C-A3A5-4542-9E37-405EF91CA284}.Release|Any CPU.ActiveCfg = Release|Any CPU
		{F584113C-A3A5-4542-9E37-405EF91CA284}.Release|Any CPU.Build.0 = Release|Any CPU
	EndGlobalSection
	GlobalSection(SolutionProperties) = preSolution
		HideSolutionNode = FALSE
	EndGlobalSection
	GlobalSection(ExtensibilityGlobals) = postSolution
		SolutionGuid = {90DD4885-0B02-4B93-8311-A9C0058FDC77}
	EndGlobalSection
EndGlobal
