
Microsoft Visual Studio Solution File, Format Version 12.00
# Visual Studio Version 17
VisualStudioVersion = 17.5.33530.505
MinimumVisualStudioVersion = 10.0.40219.1
Project("{FAE04EC0-301F-11D3-BF4B-00C04F79EFBC}") = "QRCS", "QRCS.csproj", "{DBDD8AD1-A7B1-4ACF-B937-AB4B5DEBE29A}"
EndProject
Global
	GlobalSection(SolutionConfigurationPlatforms) = preSolution
		Debug|Any CPU = Debug|Any CPU
		Release|Any CPU = Release|Any CPU
	EndGlobalSection
	GlobalSection(ProjectConfigurationPlatforms) = postSolution
		{DBDD8AD1-A7B1-4ACF-B937-AB4B5DEBE29A}.Debug|Any CPU.ActiveCfg = Debug|Any CPU
		{DBDD8AD1-A7B1-4ACF-B937-AB4B5DEBE29A}.Debug|Any CPU.Build.0 = Debug|Any CPU
		{DBDD8AD1-A7B1-4ACF-B937-AB4B5DEBE29A}.Release|Any CPU.ActiveCfg = Release|Any CPU
		{DBDD8AD1-A7B1-4ACF-B937-AB4B5DEBE29A}.Release|Any CPU.Build.0 = Release|Any CPU
	EndGlobalSection
	GlobalSection(SolutionProperties) = preSolution
		HideSolutionNode = FALSE
	EndGlobalSection
	GlobalSection(ExtensibilityGlobals) = postSolution
		SolutionGuid = {D5AF4CA8-661A-41FF-B615-4B39F90D5374}
	EndGlobalSection
EndGlobal
