
Microsoft Visual Studio Solution File, Format Version 12.00
# Visual Studio Version 16
VisualStudioVersion = 16.0.31911.196
MinimumVisualStudioVersion = 10.0.40219.1
Project("{FAE04EC0-301F-11D3-BF4B-00C04F79EFBC}") = "ColorList", "ColorList.csproj", "{AEF70B54-0106-48AE-847A-26D599CFBF22}"
EndProject
Global
	GlobalSection(SolutionConfigurationPlatforms) = preSolution
		Debug|Any CPU = Debug|Any CPU
		Release|Any CPU = Release|Any CPU
	EndGlobalSection
	GlobalSection(ProjectConfigurationPlatforms) = postSolution
		{AEF70B54-0106-48AE-847A-26D599CFBF22}.Debug|Any CPU.ActiveCfg = Debug|Any CPU
		{AEF70B54-0106-48AE-847A-26D599CFBF22}.Debug|Any CPU.Build.0 = Debug|Any CPU
		{AEF70B54-0106-48AE-847A-26D599CFBF22}.Release|Any CPU.ActiveCfg = Release|Any CPU
		{AEF70B54-0106-48AE-847A-26D599CFBF22}.Release|Any CPU.Build.0 = Release|Any CPU
	EndGlobalSection
	GlobalSection(SolutionProperties) = preSolution
		HideSolutionNode = FALSE
	EndGlobalSection
	GlobalSection(ExtensibilityGlobals) = postSolution
		SolutionGuid = {CFD75389-F7A5-4085-8B21-6BE7F6B9FBD5}
	EndGlobalSection
EndGlobal
