
Microsoft Visual Studio Solution File, Format Version 12.00
# Visual Studio Version 17
VisualStudioVersion = 17.5.33530.505
MinimumVisualStudioVersion = 10.0.40219.1
Project("{FAE04EC0-301F-11D3-BF4B-00C04F79EFBC}") = "ReadQRCode", "ReadQRCode.csproj", "{AFFFD2ED-8E88-4855-A868-D9CAECB2F558}"
EndProject
Global
	GlobalSection(SolutionConfigurationPlatforms) = preSolution
		Debug|Any CPU = Debug|Any CPU
		Release|Any CPU = Release|Any CPU
	EndGlobalSection
	GlobalSection(ProjectConfigurationPlatforms) = postSolution
		{AFFFD2ED-8E88-4855-A868-D9CAECB2F558}.Debug|Any CPU.ActiveCfg = Debug|Any CPU
		{AFFFD2ED-8E88-4855-A868-D9CAECB2F558}.Debug|Any CPU.Build.0 = Debug|Any CPU
		{AFFFD2ED-8E88-4855-A868-D9CAECB2F558}.Release|Any CPU.ActiveCfg = Release|Any CPU
		{AFFFD2ED-8E88-4855-A868-D9CAECB2F558}.Release|Any CPU.Build.0 = Release|Any CPU
	EndGlobalSection
	GlobalSection(SolutionProperties) = preSolution
		HideSolutionNode = FALSE
	EndGlobalSection
	GlobalSection(ExtensibilityGlobals) = postSolution
		SolutionGuid = {15501C57-3748-4AEE-803E-6CA482D195F9}
	EndGlobalSection
EndGlobal
