
Microsoft Visual Studio Solution File, Format Version 12.00
# Visual Studio Version 17
VisualStudioVersion = 17.3.32819.101
MinimumVisualStudioVersion = 10.0.40219.1
Project("{FAE04EC0-301F-11D3-BF4B-00C04F79EFBC}") = "MovieNight", "MovieNight.csproj", "{CDB758F5-F44B-433F-A65D-C795400DA81D}"
EndProject
Global
	GlobalSection(SolutionConfigurationPlatforms) = preSolution
		Debug|Any CPU = Debug|Any CPU
		Release|Any CPU = Release|Any CPU
	EndGlobalSection
	GlobalSection(ProjectConfigurationPlatforms) = postSolution
		{CDB758F5-F44B-433F-A65D-C795400DA81D}.Debug|Any CPU.ActiveCfg = Debug|Any CPU
		{CDB758F5-F44B-433F-A65D-C795400DA81D}.Debug|Any CPU.Build.0 = Debug|Any CPU
		{CDB758F5-F44B-433F-A65D-C795400DA81D}.Release|Any CPU.ActiveCfg = Release|Any CPU
		{CDB758F5-F44B-433F-A65D-C795400DA81D}.Release|Any CPU.Build.0 = Release|Any CPU
	EndGlobalSection
	GlobalSection(SolutionProperties) = preSolution
		HideSolutionNode = FALSE
	EndGlobalSection
	GlobalSection(ExtensibilityGlobals) = postSolution
		SolutionGuid = {88ACBBDF-7C5A-476F-8342-F1B2279B0AAB}
	EndGlobalSection
EndGlobal
